
Microsoft Visual Studio Solution File, Format Version 12.00
# Visual Studio 15
Project("{FAE04EC0-301F-11D3-BF4B-00C04F79EFBC}") = "Assembly-CSharp", "Assembly-CSharp.csproj", "{7169BFFD-3EC1-DDDC-3839-B7E7D9DD37FD}"
EndProject
Project("{FAE04EC0-301F-11D3-BF4B-00C04F79EFBC}") = "Assembly-CSharp-firstpass", "Assembly-CSharp-firstpass.csproj", "{943C1E2D-5009-5F9E-0393-6E65E67A78FA}"
EndProject
Project("{FAE04EC0-301F-11D3-BF4B-00C04F79EFBC}") = "Assembly-CSharp-Editor-firstpass", "Assembly-CSharp-Editor-firstpass.csproj", "{653D3ACA-D33A-B91B-543B-9BCE44E79A87}"
EndProject
Global
	GlobalSection(SolutionConfigurationPlatforms) = preSolution
		Debug|Any CPU = Debug|Any CPU
		Release|Any CPU = Release|Any CPU
	EndGlobalSection
	GlobalSection(ProjectConfigurationPlatforms) = postSolution
		{7169BFFD-3EC1-DDDC-3839-B7E7D9DD37FD}.Debug|Any CPU.ActiveCfg = Debug|Any CPU
		{7169BFFD-3EC1-DDDC-3839-B7E7D9DD37FD}.Debug|Any CPU.Build.0 = Debug|Any CPU
		{7169BFFD-3EC1-DDDC-3839-B7E7D9DD37FD}.Release|Any CPU.ActiveCfg = Release|Any CPU
		{7169BFFD-3EC1-DDDC-3839-B7E7D9DD37FD}.Release|Any CPU.Build.0 = Release|Any CPU
		{943C1E2D-5009-5F9E-0393-6E65E67A78FA}.Debug|Any CPU.ActiveCfg = Debug|Any CPU
		{943C1E2D-5009-5F9E-0393-6E65E67A78FA}.Debug|Any CPU.Build.0 = Debug|Any CPU
		{943C1E2D-5009-5F9E-0393-6E65E67A78FA}.Release|Any CPU.ActiveCfg = Release|Any CPU
		{943C1E2D-5009-5F9E-0393-6E65E67A78FA}.Release|Any CPU.Build.0 = Release|Any CPU
		{653D3ACA-D33A-B91B-543B-9BCE44E79A87}.Debug|Any CPU.ActiveCfg = Debug|Any CPU
		{653D3ACA-D33A-B91B-543B-9BCE44E79A87}.Debug|Any CPU.Build.0 = Debug|Any CPU
		{653D3ACA-D33A-B91B-543B-9BCE44E79A87}.Release|Any CPU.ActiveCfg = Release|Any CPU
		{653D3ACA-D33A-B91B-543B-9BCE44E79A87}.Release|Any CPU.Build.0 = Release|Any CPU
	EndGlobalSection
	GlobalSection(SolutionProperties) = preSolution
		HideSolutionNode = FALSE
	EndGlobalSection
EndGlobal
